// !$*UTF8*$!
{
	archiveVersion = 1;
	classes = {
	};
	objectVersion = 56;
	objects = {

/* Begin PBXBuildFile section */
		05CEDFB0BAA8B49886216F57 /* Pods_Pokedex.framework in Frameworks */ = {isa = PBXBuildFile; fileRef = 2E63CA8FAC313363E6641DA3 /* Pods_Pokedex.framework */; };
		785A93B9292FCB1600DEEA9F /* PokedexApp.swift in Sources */ = {isa = PBXBuildFile; fileRef = 785A93B8292FCB1600DEEA9F /* PokedexApp.swift */; };
		785A93BB292FCB1600DEEA9F /* ContentView.swift in Sources */ = {isa = PBXBuildFile; fileRef = 785A93BA292FCB1600DEEA9F /* ContentView.swift */; };
		785A93BD292FCB1800DEEA9F /* Assets.xcassets in Resources */ = {isa = PBXBuildFile; fileRef = 785A93BC292FCB1800DEEA9F /* Assets.xcassets */; };
		785A93C0292FCB1800DEEA9F /* Preview Assets.xcassets in Resources */ = {isa = PBXBuildFile; fileRef = 785A93BF292FCB1800DEEA9F /* Preview Assets.xcassets */; };
		785A93CA292FCB1800DEEA9F /* PokedexTests.swift in Sources */ = {isa = PBXBuildFile; fileRef = 785A93C9292FCB1800DEEA9F /* PokedexTests.swift */; };
		785A93D4292FCB1800DEEA9F /* PokedexUITests.swift in Sources */ = {isa = PBXBuildFile; fileRef = 785A93D3292FCB1800DEEA9F /* PokedexUITests.swift */; };
		785A93D6292FCB1800DEEA9F /* PokedexUITestsLaunchTests.swift in Sources */ = {isa = PBXBuildFile; fileRef = 785A93D5292FCB1800DEEA9F /* PokedexUITestsLaunchTests.swift */; };
		788ABFAC295448B800A94686 /* ViewModel.swift in Sources */ = {isa = PBXBuildFile; fileRef = 788ABFAB295448B800A94686 /* ViewModel.swift */; };
		8272D7CB298BB304007BAA81 /* BannerAd.swift in Sources */ = {isa = PBXBuildFile; fileRef = 8272D7CA298BB304007BAA81 /* BannerAd.swift */; };
		82D52628294B6B15003F3A90 /* Model.swift in Sources */ = {isa = PBXBuildFile; fileRef = 82D52627294B6B15003F3A90 /* Model.swift */; };
		84DE7A6CCC02B333DC9AF068 /* Pods_Pokedex_PokedexUITests.framework in Frameworks */ = {isa = PBXBuildFile; fileRef = 48A2F1A11A38B950221BE039 /* Pods_Pokedex_PokedexUITests.framework */; };
		E7CA6F8FB534CA85F30D2B70 /* Pods_PokedexTests.framework in Frameworks */ = {isa = PBXBuildFile; fileRef = A50D785A208504AA9891A364 /* Pods_PokedexTests.framework */; };
		FFA90E6529704BFD00AAAA5A /* NavigationModel.swift in Sources */ = {isa = PBXBuildFile; fileRef = FFA90E6429704BFD00AAAA5A /* NavigationModel.swift */; };
/* End PBXBuildFile section */

/* Begin PBXContainerItemProxy section */
		785A93C6292FCB1800DEEA9F /* PBXContainerItemProxy */ = {
			isa = PBXContainerItemProxy;
			containerPortal = 785A93AD292FCB1600DEEA9F /* Project object */;
			proxyType = 1;
			remoteGlobalIDString = 785A93B4292FCB1600DEEA9F;
			remoteInfo = Pokedex;
		};
		785A93D0292FCB1800DEEA9F /* PBXContainerItemProxy */ = {
			isa = PBXContainerItemProxy;
			containerPortal = 785A93AD292FCB1600DEEA9F /* Project object */;
			proxyType = 1;
			remoteGlobalIDString = 785A93B4292FCB1600DEEA9F;
			remoteInfo = Pokedex;
		};
/* End PBXContainerItemProxy section */

/* Begin PBXFileReference section */
		2E63CA8FAC313363E6641DA3 /* Pods_Pokedex.framework */ = {isa = PBXFileReference; explicitFileType = wrapper.framework; includeInIndex = 0; path = Pods_Pokedex.framework; sourceTree = BUILT_PRODUCTS_DIR; };
		40F1B9574FD0C120D63D5FDF /* Pods-PokedexTests.release.xcconfig */ = {isa = PBXFileReference; includeInIndex = 1; lastKnownFileType = text.xcconfig; name = "Pods-PokedexTests.release.xcconfig"; path = "Target Support Files/Pods-PokedexTests/Pods-PokedexTests.release.xcconfig"; sourceTree = "<group>"; };
		45AA106CB8FA56EF8C61C1B4 /* Pods-Pokedex.debug.xcconfig */ = {isa = PBXFileReference; includeInIndex = 1; lastKnownFileType = text.xcconfig; name = "Pods-Pokedex.debug.xcconfig"; path = "Target Support Files/Pods-Pokedex/Pods-Pokedex.debug.xcconfig"; sourceTree = "<group>"; };
		45F7479DD1852B8A17FFF5B6 /* Pods-Pokedex.release.xcconfig */ = {isa = PBXFileReference; includeInIndex = 1; lastKnownFileType = text.xcconfig; name = "Pods-Pokedex.release.xcconfig"; path = "Target Support Files/Pods-Pokedex/Pods-Pokedex.release.xcconfig"; sourceTree = "<group>"; };
		48A2F1A11A38B950221BE039 /* Pods_Pokedex_PokedexUITests.framework */ = {isa = PBXFileReference; explicitFileType = wrapper.framework; includeInIndex = 0; path = Pods_Pokedex_PokedexUITests.framework; sourceTree = BUILT_PRODUCTS_DIR; };
		6199AC4A8FE632ABEE5DFA14 /* Pods-Pokedex-PokedexUITests.debug.xcconfig */ = {isa = PBXFileReference; includeInIndex = 1; lastKnownFileType = text.xcconfig; name = "Pods-Pokedex-PokedexUITests.debug.xcconfig"; path = "Target Support Files/Pods-Pokedex-PokedexUITests/Pods-Pokedex-PokedexUITests.debug.xcconfig"; sourceTree = "<group>"; };
		785A93B5292FCB1600DEEA9F /* Pokedex.app */ = {isa = PBXFileReference; explicitFileType = wrapper.application; includeInIndex = 0; path = Pokedex.app; sourceTree = BUILT_PRODUCTS_DIR; };
		785A93B8292FCB1600DEEA9F /* PokedexApp.swift */ = {isa = PBXFileReference; lastKnownFileType = sourcecode.swift; path = PokedexApp.swift; sourceTree = "<group>"; };
		785A93BA292FCB1600DEEA9F /* ContentView.swift */ = {isa = PBXFileReference; lastKnownFileType = sourcecode.swift; path = ContentView.swift; sourceTree = "<group>"; };
		785A93BC292FCB1800DEEA9F /* Assets.xcassets */ = {isa = PBXFileReference; lastKnownFileType = folder.assetcatalog; path = Assets.xcassets; sourceTree = "<group>"; };
		785A93BF292FCB1800DEEA9F /* Preview Assets.xcassets */ = {isa = PBXFileReference; lastKnownFileType = folder.assetcatalog; path = "Preview Assets.xcassets"; sourceTree = "<group>"; };
		785A93C5292FCB1800DEEA9F /* PokedexTests.xctest */ = {isa = PBXFileReference; explicitFileType = wrapper.cfbundle; includeInIndex = 0; path = PokedexTests.xctest; sourceTree = BUILT_PRODUCTS_DIR; };
		785A93C9292FCB1800DEEA9F /* PokedexTests.swift */ = {isa = PBXFileReference; lastKnownFileType = sourcecode.swift; path = PokedexTests.swift; sourceTree = "<group>"; };
		785A93CF292FCB1800DEEA9F /* PokedexUITests.xctest */ = {isa = PBXFileReference; explicitFileType = wrapper.cfbundle; includeInIndex = 0; path = PokedexUITests.xctest; sourceTree = BUILT_PRODUCTS_DIR; };
		785A93D3292FCB1800DEEA9F /* PokedexUITests.swift */ = {isa = PBXFileReference; lastKnownFileType = sourcecode.swift; path = PokedexUITests.swift; sourceTree = "<group>"; };
		785A93D5292FCB1800DEEA9F /* PokedexUITestsLaunchTests.swift */ = {isa = PBXFileReference; lastKnownFileType = sourcecode.swift; path = PokedexUITestsLaunchTests.swift; sourceTree = "<group>"; };
		788ABFAB295448B800A94686 /* ViewModel.swift */ = {isa = PBXFileReference; fileEncoding = 4; lastKnownFileType = sourcecode.swift; path = ViewModel.swift; sourceTree = "<group>"; };
		7A0122412FE9AA7F2B4B2296 /* Pods-PokedexTests.debug.xcconfig */ = {isa = PBXFileReference; includeInIndex = 1; lastKnownFileType = text.xcconfig; name = "Pods-PokedexTests.debug.xcconfig"; path = "Target Support Files/Pods-PokedexTests/Pods-PokedexTests.debug.xcconfig"; sourceTree = "<group>"; };
		8272D7C9298BB131007BAA81 /* Info.plist */ = {isa = PBXFileReference; lastKnownFileType = text.plist; path = Info.plist; sourceTree = "<group>"; };
		8272D7CA298BB304007BAA81 /* BannerAd.swift */ = {isa = PBXFileReference; lastKnownFileType = sourcecode.swift; path = BannerAd.swift; sourceTree = "<group>"; };
		82D52627294B6B15003F3A90 /* Model.swift */ = {isa = PBXFileReference; lastKnownFileType = sourcecode.swift; path = Model.swift; sourceTree = "<group>"; };
		9C8784CE69E6B497A41F9E13 /* Pods-Pokedex-PokedexUITests.release.xcconfig */ = {isa = PBXFileReference; includeInIndex = 1; lastKnownFileType = text.xcconfig; name = "Pods-Pokedex-PokedexUITests.release.xcconfig"; path = "Target Support Files/Pods-Pokedex-PokedexUITests/Pods-Pokedex-PokedexUITests.release.xcconfig"; sourceTree = "<group>"; };
		A50D785A208504AA9891A364 /* Pods_PokedexTests.framework */ = {isa = PBXFileReference; explicitFileType = wrapper.framework; includeInIndex = 0; path = Pods_PokedexTests.framework; sourceTree = BUILT_PRODUCTS_DIR; };
		FFA90E6429704BFD00AAAA5A /* NavigationModel.swift */ = {isa = PBXFileReference; lastKnownFileType = sourcecode.swift; path = NavigationModel.swift; sourceTree = "<group>"; };
/* End PBXFileReference section */

/* Begin PBXFrameworksBuildPhase section */
		785A93B2292FCB1600DEEA9F /* Frameworks */ = {
			isa = PBXFrameworksBuildPhase;
			buildActionMask = 2147483647;
			files = (
				05CEDFB0BAA8B49886216F57 /* Pods_Pokedex.framework in Frameworks */,
			);
			runOnlyForDeploymentPostprocessing = 0;
		};
		785A93C2292FCB1800DEEA9F /* Frameworks */ = {
			isa = PBXFrameworksBuildPhase;
			buildActionMask = 2147483647;
			files = (
				E7CA6F8FB534CA85F30D2B70 /* Pods_PokedexTests.framework in Frameworks */,
			);
			runOnlyForDeploymentPostprocessing = 0;
		};
		785A93CC292FCB1800DEEA9F /* Frameworks */ = {
			isa = PBXFrameworksBuildPhase;
			buildActionMask = 2147483647;
			files = (
				84DE7A6CCC02B333DC9AF068 /* Pods_Pokedex_PokedexUITests.framework in Frameworks */,
			);
			runOnlyForDeploymentPostprocessing = 0;
		};
/* End PBXFrameworksBuildPhase section */

/* Begin PBXGroup section */
		07199D768760E1FF48B2B69F /* Frameworks */ = {
			isa = PBXGroup;
			children = (
				2E63CA8FAC313363E6641DA3 /* Pods_Pokedex.framework */,
				48A2F1A11A38B950221BE039 /* Pods_Pokedex_PokedexUITests.framework */,
				A50D785A208504AA9891A364 /* Pods_PokedexTests.framework */,
			);
			name = Frameworks;
			sourceTree = "<group>";
		};
		785A93AC292FCB1600DEEA9F = {
			isa = PBXGroup;
			children = (
				785A93B7292FCB1600DEEA9F /* Pokedex */,
				785A93C8292FCB1800DEEA9F /* PokedexTests */,
				785A93D2292FCB1800DEEA9F /* PokedexUITests */,
				785A93B6292FCB1600DEEA9F /* Products */,
				AE4807B0D74894D16863B32E /* Pods */,
				07199D768760E1FF48B2B69F /* Frameworks */,
			);
			sourceTree = "<group>";
		};
		785A93B6292FCB1600DEEA9F /* Products */ = {
			isa = PBXGroup;
			children = (
				785A93B5292FCB1600DEEA9F /* Pokedex.app */,
				785A93C5292FCB1800DEEA9F /* PokedexTests.xctest */,
				785A93CF292FCB1800DEEA9F /* PokedexUITests.xctest */,
			);
			name = Products;
			sourceTree = "<group>";
		};
		785A93B7292FCB1600DEEA9F /* Pokedex */ = {
			isa = PBXGroup;
			children = (
				8272D7C9298BB131007BAA81 /* Info.plist */,
				FFA90E6429704BFD00AAAA5A /* NavigationModel.swift */,
				788ABFAB295448B800A94686 /* ViewModel.swift */,
				82D52627294B6B15003F3A90 /* Model.swift */,
				785A93B8292FCB1600DEEA9F /* PokedexApp.swift */,
				785A93BA292FCB1600DEEA9F /* ContentView.swift */,
				785A93BC292FCB1800DEEA9F /* Assets.xcassets */,
				785A93BE292FCB1800DEEA9F /* Preview Content */,
				8272D7CA298BB304007BAA81 /* BannerAd.swift */,
			);
			path = Pokedex;
			sourceTree = "<group>";
		};
		785A93BE292FCB1800DEEA9F /* Preview Content */ = {
			isa = PBXGroup;
			children = (
				785A93BF292FCB1800DEEA9F /* Preview Assets.xcassets */,
			);
			path = "Preview Content";
			sourceTree = "<group>";
		};
		785A93C8292FCB1800DEEA9F /* PokedexTests */ = {
			isa = PBXGroup;
			children = (
				785A93C9292FCB1800DEEA9F /* PokedexTests.swift */,
				B782828629793421000C5C85 /* ViewModelTests.swift */,
			);
			path = PokedexTests;
			sourceTree = "<group>";
		};
		785A93D2292FCB1800DEEA9F /* PokedexUITests */ = {
			isa = PBXGroup;
			children = (
				785A93D3292FCB1800DEEA9F /* PokedexUITests.swift */,
				785A93D5292FCB1800DEEA9F /* PokedexUITestsLaunchTests.swift */,
			);
			path = PokedexUITests;
			sourceTree = "<group>";
		};
		AE4807B0D74894D16863B32E /* Pods */ = {
			isa = PBXGroup;
			children = (
				45AA106CB8FA56EF8C61C1B4 /* Pods-Pokedex.debug.xcconfig */,
				45F7479DD1852B8A17FFF5B6 /* Pods-Pokedex.release.xcconfig */,
				6199AC4A8FE632ABEE5DFA14 /* Pods-Pokedex-PokedexUITests.debug.xcconfig */,
				9C8784CE69E6B497A41F9E13 /* Pods-Pokedex-PokedexUITests.release.xcconfig */,
				7A0122412FE9AA7F2B4B2296 /* Pods-PokedexTests.debug.xcconfig */,
				40F1B9574FD0C120D63D5FDF /* Pods-PokedexTests.release.xcconfig */,
			);
			path = Pods;
			sourceTree = "<group>";
		};
/* End PBXGroup section */

/* Begin PBXNativeTarget section */
		785A93B4292FCB1600DEEA9F /* Pokedex */ = {
			isa = PBXNativeTarget;
			buildConfigurationList = 785A93D9292FCB1800DEEA9F /* Build configuration list for PBXNativeTarget "Pokedex" */;
			buildPhases = (
				5D774A4F24B8E31AF41BAEA2 /* [CP] Check Pods Manifest.lock */,
				785A93B1292FCB1600DEEA9F /* Sources */,
				785A93B2292FCB1600DEEA9F /* Frameworks */,
				785A93B3292FCB1600DEEA9F /* Resources */,
				17F0DA603693FA35963B33AF /* [CP] Embed Pods Frameworks */,
			);
			buildRules = (
			);
			dependencies = (
			);
			name = Pokedex;
			productName = Pokedex;
			productReference = 785A93B5292FCB1600DEEA9F /* Pokedex.app */;
			productType = "com.apple.product-type.application";
		};
		785A93C4292FCB1800DEEA9F /* PokedexTests */ = {
			isa = PBXNativeTarget;
			buildConfigurationList = 785A93DC292FCB1800DEEA9F /* Build configuration list for PBXNativeTarget "PokedexTests" */;
			buildPhases = (
				8A0B663B5219136346A8B3AE /* [CP] Check Pods Manifest.lock */,
				785A93C1292FCB1800DEEA9F /* Sources */,
				785A93C2292FCB1800DEEA9F /* Frameworks */,
				785A93C3292FCB1800DEEA9F /* Resources */,
			);
			buildRules = (
			);
			dependencies = (
				785A93C7292FCB1800DEEA9F /* PBXTargetDependency */,
			);
			name = PokedexTests;
			productName = PokedexTests;
			productReference = 785A93C5292FCB1800DEEA9F /* PokedexTests.xctest */;
			productType = "com.apple.product-type.bundle.unit-test";
		};
		785A93CE292FCB1800DEEA9F /* PokedexUITests */ = {
			isa = PBXNativeTarget;
			buildConfigurationList = 785A93DF292FCB1800DEEA9F /* Build configuration list for PBXNativeTarget "PokedexUITests" */;
			buildPhases = (
				998304B7A04A7E1B7E1C93B9 /* [CP] Check Pods Manifest.lock */,
				785A93CB292FCB1800DEEA9F /* Sources */,
				785A93CC292FCB1800DEEA9F /* Frameworks */,
				785A93CD292FCB1800DEEA9F /* Resources */,
				25B313B3BDD2181C5939D5FB /* [CP] Embed Pods Frameworks */,
			);
			buildRules = (
			);
			dependencies = (
				785A93D1292FCB1800DEEA9F /* PBXTargetDependency */,
			);
			name = PokedexUITests;
			productName = PokedexUITests;
			productReference = 785A93CF292FCB1800DEEA9F /* PokedexUITests.xctest */;
			productType = "com.apple.product-type.bundle.ui-testing";
		};
/* End PBXNativeTarget section */

/* Begin PBXProject section */
		785A93AD292FCB1600DEEA9F /* Project object */ = {
			isa = PBXProject;
			attributes = {
				BuildIndependentTargetsInParallel = 1;
				LastSwiftUpdateCheck = 1410;
				LastUpgradeCheck = 1410;
				TargetAttributes = {
					785A93B4292FCB1600DEEA9F = {
						CreatedOnToolsVersion = 14.1;
					};
					785A93C4292FCB1800DEEA9F = {
						CreatedOnToolsVersion = 14.1;
						TestTargetID = 785A93B4292FCB1600DEEA9F;
					};
					785A93CE292FCB1800DEEA9F = {
						CreatedOnToolsVersion = 14.1;
						TestTargetID = 785A93B4292FCB1600DEEA9F;
					};
				};
			};
			buildConfigurationList = 785A93B0292FCB1600DEEA9F /* Build configuration list for PBXProject "Pokedex" */;
			compatibilityVersion = "Xcode 14.0";
			developmentRegion = en;
			hasScannedForEncodings = 0;
			knownRegions = (
				en,
				Base,
			);
			mainGroup = 785A93AC292FCB1600DEEA9F;
			productRefGroup = 785A93B6292FCB1600DEEA9F /* Products */;
			projectDirPath = "";
			projectRoot = "";
			targets = (
				785A93B4292FCB1600DEEA9F /* Pokedex */,
				785A93C4292FCB1800DEEA9F /* PokedexTests */,
				785A93CE292FCB1800DEEA9F /* PokedexUITests */,
			);
		};
/* End PBXProject section */

/* Begin PBXResourcesBuildPhase section */
		785A93B3292FCB1600DEEA9F /* Resources */ = {
			isa = PBXResourcesBuildPhase;
			buildActionMask = 2147483647;
			files = (
				785A93C0292FCB1800DEEA9F /* Preview Assets.xcassets in Resources */,
				785A93BD292FCB1800DEEA9F /* Assets.xcassets in Resources */,
			);
			runOnlyForDeploymentPostprocessing = 0;
		};
		785A93C3292FCB1800DEEA9F /* Resources */ = {
			isa = PBXResourcesBuildPhase;
			buildActionMask = 2147483647;
			files = (
			);
			runOnlyForDeploymentPostprocessing = 0;
		};
		785A93CD292FCB1800DEEA9F /* Resources */ = {
			isa = PBXResourcesBuildPhase;
			buildActionMask = 2147483647;
			files = (
			);
			runOnlyForDeploymentPostprocessing = 0;
		};
/* End PBXResourcesBuildPhase section */

/* Begin PBXShellScriptBuildPhase section */
		17F0DA603693FA35963B33AF /* [CP] Embed Pods Frameworks */ = {
			isa = PBXShellScriptBuildPhase;
			buildActionMask = 2147483647;
			files = (
			);
			inputFileListPaths = (
				"${PODS_ROOT}/Target Support Files/Pods-Pokedex/Pods-Pokedex-frameworks-${CONFIGURATION}-input-files.xcfilelist",
			);
			name = "[CP] Embed Pods Frameworks";
			outputFileListPaths = (
				"${PODS_ROOT}/Target Support Files/Pods-Pokedex/Pods-Pokedex-frameworks-${CONFIGURATION}-output-files.xcfilelist",
			);
			runOnlyForDeploymentPostprocessing = 0;
			shellPath = /bin/sh;
			shellScript = "\"${PODS_ROOT}/Target Support Files/Pods-Pokedex/Pods-Pokedex-frameworks.sh\"\n";
			showEnvVarsInLog = 0;
		};
		25B313B3BDD2181C5939D5FB /* [CP] Embed Pods Frameworks */ = {
			isa = PBXShellScriptBuildPhase;
			buildActionMask = 2147483647;
			files = (
			);
			inputFileListPaths = (
				"${PODS_ROOT}/Target Support Files/Pods-Pokedex-PokedexUITests/Pods-Pokedex-PokedexUITests-frameworks-${CONFIGURATION}-input-files.xcfilelist",
			);
			name = "[CP] Embed Pods Frameworks";
			outputFileListPaths = (
				"${PODS_ROOT}/Target Support Files/Pods-Pokedex-PokedexUITests/Pods-Pokedex-PokedexUITests-frameworks-${CONFIGURATION}-output-files.xcfilelist",
			);
			runOnlyForDeploymentPostprocessing = 0;
			shellPath = /bin/sh;
			shellScript = "\"${PODS_ROOT}/Target Support Files/Pods-Pokedex-PokedexUITests/Pods-Pokedex-PokedexUITests-frameworks.sh\"\n";
			showEnvVarsInLog = 0;
		};
		5D774A4F24B8E31AF41BAEA2 /* [CP] Check Pods Manifest.lock */ = {
			isa = PBXShellScriptBuildPhase;
			buildActionMask = 2147483647;
			files = (
			);
			inputFileListPaths = (
			);
			inputPaths = (
				"${PODS_PODFILE_DIR_PATH}/Podfile.lock",
				"${PODS_ROOT}/Manifest.lock",
			);
			name = "[CP] Check Pods Manifest.lock";
			outputFileListPaths = (
			);
			outputPaths = (
				"$(DERIVED_FILE_DIR)/Pods-Pokedex-checkManifestLockResult.txt",
			);
			runOnlyForDeploymentPostprocessing = 0;
			shellPath = /bin/sh;
			shellScript = "diff \"${PODS_PODFILE_DIR_PATH}/Podfile.lock\" \"${PODS_ROOT}/Manifest.lock\" > /dev/null\nif [ $? != 0 ] ; then\n    # print error to STDERR\n    echo \"error: The sandbox is not in sync with the Podfile.lock. Run 'pod install' or update your CocoaPods installation.\" >&2\n    exit 1\nfi\n# This output is used by Xcode 'outputs' to avoid re-running this script phase.\necho \"SUCCESS\" > \"${SCRIPT_OUTPUT_FILE_0}\"\n";
			showEnvVarsInLog = 0;
		};
		8A0B663B5219136346A8B3AE /* [CP] Check Pods Manifest.lock */ = {
			isa = PBXShellScriptBuildPhase;
			buildActionMask = 2147483647;
			files = (
			);
			inputFileListPaths = (
			);
			inputPaths = (
				"${PODS_PODFILE_DIR_PATH}/Podfile.lock",
				"${PODS_ROOT}/Manifest.lock",
			);
			name = "[CP] Check Pods Manifest.lock";
			outputFileListPaths = (
			);
			outputPaths = (
				"$(DERIVED_FILE_DIR)/Pods-PokedexTests-checkManifestLockResult.txt",
			);
			runOnlyForDeploymentPostprocessing = 0;
			shellPath = /bin/sh;
			shellScript = "diff \"${PODS_PODFILE_DIR_PATH}/Podfile.lock\" \"${PODS_ROOT}/Manifest.lock\" > /dev/null\nif [ $? != 0 ] ; then\n    # print error to STDERR\n    echo \"error: The sandbox is not in sync with the Podfile.lock. Run 'pod install' or update your CocoaPods installation.\" >&2\n    exit 1\nfi\n# This output is used by Xcode 'outputs' to avoid re-running this script phase.\necho \"SUCCESS\" > \"${SCRIPT_OUTPUT_FILE_0}\"\n";
			showEnvVarsInLog = 0;
		};
		998304B7A04A7E1B7E1C93B9 /* [CP] Check Pods Manifest.lock */ = {
			isa = PBXShellScriptBuildPhase;
			buildActionMask = 2147483647;
			files = (
			);
			inputFileListPaths = (
			);
			inputPaths = (
				"${PODS_PODFILE_DIR_PATH}/Podfile.lock",
				"${PODS_ROOT}/Manifest.lock",
			);
			name = "[CP] Check Pods Manifest.lock";
			outputFileListPaths = (
			);
			outputPaths = (
				"$(DERIVED_FILE_DIR)/Pods-Pokedex-PokedexUITests-checkManifestLockResult.txt",
			);
			runOnlyForDeploymentPostprocessing = 0;
			shellPath = /bin/sh;
			shellScript = "diff \"${PODS_PODFILE_DIR_PATH}/Podfile.lock\" \"${PODS_ROOT}/Manifest.lock\" > /dev/null\nif [ $? != 0 ] ; then\n    # print error to STDERR\n    echo \"error: The sandbox is not in sync with the Podfile.lock. Run 'pod install' or update your CocoaPods installation.\" >&2\n    exit 1\nfi\n# This output is used by Xcode 'outputs' to avoid re-running this script phase.\necho \"SUCCESS\" > \"${SCRIPT_OUTPUT_FILE_0}\"\n";
			showEnvVarsInLog = 0;
		};
/* End PBXShellScriptBuildPhase section */

/* Begin PBXSourcesBuildPhase section */
		785A93B1292FCB1600DEEA9F /* Sources */ = {
			isa = PBXSourcesBuildPhase;
			buildActionMask = 2147483647;
			files = (
				82D52628294B6B15003F3A90 /* Model.swift in Sources */,
				785A93BB292FCB1600DEEA9F /* ContentView.swift in Sources */,
				FFA90E6529704BFD00AAAA5A /* NavigationModel.swift in Sources */,
				788ABFAC295448B800A94686 /* ViewModel.swift in Sources */,
				8272D7CB298BB304007BAA81 /* BannerAd.swift in Sources */,
				785A93B9292FCB1600DEEA9F /* PokedexApp.swift in Sources */,
			);
			runOnlyForDeploymentPostprocessing = 0;
		};
		785A93C1292FCB1800DEEA9F /* Sources */ = {
			isa = PBXSourcesBuildPhase;
			buildActionMask = 2147483647;
			files = (
				B782828729793421000C5C85 /* ViewModelTests.swift in Sources */,
				785A93CA292FCB1800DEEA9F /* PokedexTests.swift in Sources */,
			);
			runOnlyForDeploymentPostprocessing = 0;
		};
		785A93CB292FCB1800DEEA9F /* Sources */ = {
			isa = PBXSourcesBuildPhase;
			buildActionMask = 2147483647;
			files = (
				785A93D4292FCB1800DEEA9F /* PokedexUITests.swift in Sources */,
				785A93D6292FCB1800DEEA9F /* PokedexUITestsLaunchTests.swift in Sources */,
			);
			runOnlyForDeploymentPostprocessing = 0;
		};
/* End PBXSourcesBuildPhase section */

/* Begin PBXTargetDependency section */
		785A93C7292FCB1800DEEA9F /* PBXTargetDependency */ = {
			isa = PBXTargetDependency;
			target = 785A93B4292FCB1600DEEA9F /* Pokedex */;
			targetProxy = 785A93C6292FCB1800DEEA9F /* PBXContainerItemProxy */;
		};
		785A93D1292FCB1800DEEA9F /* PBXTargetDependency */ = {
			isa = PBXTargetDependency;
			target = 785A93B4292FCB1600DEEA9F /* Pokedex */;
			targetProxy = 785A93D0292FCB1800DEEA9F /* PBXContainerItemProxy */;
		};
/* End PBXTargetDependency section */

/* Begin XCBuildConfiguration section */
		785A93D7292FCB1800DEEA9F /* Debug */ = {
			isa = XCBuildConfiguration;
			buildSettings = {
				ALWAYS_SEARCH_USER_PATHS = NO;
				CLANG_ANALYZER_NONNULL = YES;
				CLANG_ANALYZER_NUMBER_OBJECT_CONVERSION = YES_AGGRESSIVE;
				CLANG_CXX_LANGUAGE_STANDARD = "gnu++20";
				CLANG_ENABLE_MODULES = YES;
				CLANG_ENABLE_OBJC_ARC = YES;
				CLANG_ENABLE_OBJC_WEAK = YES;
				CLANG_WARN_BLOCK_CAPTURE_AUTORELEASING = YES;
				CLANG_WARN_BOOL_CONVERSION = YES;
				CLANG_WARN_COMMA = YES;
				CLANG_WARN_CONSTANT_CONVERSION = YES;
				CLANG_WARN_DEPRECATED_OBJC_IMPLEMENTATIONS = YES;
				CLANG_WARN_DIRECT_OBJC_ISA_USAGE = YES_ERROR;
				CLANG_WARN_DOCUMENTATION_COMMENTS = YES;
				CLANG_WARN_EMPTY_BODY = YES;
				CLANG_WARN_ENUM_CONVERSION = YES;
				CLANG_WARN_INFINITE_RECURSION = YES;
				CLANG_WARN_INT_CONVERSION = YES;
				CLANG_WARN_NON_LITERAL_NULL_CONVERSION = YES;
				CLANG_WARN_OBJC_IMPLICIT_RETAIN_SELF = YES;
				CLANG_WARN_OBJC_LITERAL_CONVERSION = YES;
				CLANG_WARN_OBJC_ROOT_CLASS = YES_ERROR;
				CLANG_WARN_QUOTED_INCLUDE_IN_FRAMEWORK_HEADER = YES;
				CLANG_WARN_RANGE_LOOP_ANALYSIS = YES;
				CLANG_WARN_STRICT_PROTOTYPES = YES;
				CLANG_WARN_SUSPICIOUS_MOVE = YES;
				CLANG_WARN_UNGUARDED_AVAILABILITY = YES_AGGRESSIVE;
				CLANG_WARN_UNREACHABLE_CODE = YES;
				CLANG_WARN__DUPLICATE_METHOD_MATCH = YES;
				COPY_PHASE_STRIP = NO;
				DEBUG_INFORMATION_FORMAT = dwarf;
				ENABLE_STRICT_OBJC_MSGSEND = YES;
				ENABLE_TESTABILITY = YES;
				GCC_C_LANGUAGE_STANDARD = gnu11;
				GCC_DYNAMIC_NO_PIC = NO;
				GCC_NO_COMMON_BLOCKS = YES;
				GCC_OPTIMIZATION_LEVEL = 0;
				GCC_PREPROCESSOR_DEFINITIONS = (
					"DEBUG=1",
					"$(inherited)",
				);
				GCC_WARN_64_TO_32_BIT_CONVERSION = YES;
				GCC_WARN_ABOUT_RETURN_TYPE = YES_ERROR;
				GCC_WARN_UNDECLARED_SELECTOR = YES;
				GCC_WARN_UNINITIALIZED_AUTOS = YES_AGGRESSIVE;
				GCC_WARN_UNUSED_FUNCTION = YES;
				GCC_WARN_UNUSED_VARIABLE = YES;
				IPHONEOS_DEPLOYMENT_TARGET = 16.1;
				MTL_ENABLE_DEBUG_INFO = INCLUDE_SOURCE;
				MTL_FAST_MATH = YES;
				ONLY_ACTIVE_ARCH = YES;
				SDKROOT = iphoneos;
				SWIFT_ACTIVE_COMPILATION_CONDITIONS = DEBUG;
				SWIFT_OPTIMIZATION_LEVEL = "-Onone";
			};
			name = Debug;
		};
		785A93D8292FCB1800DEEA9F /* Release */ = {
			isa = XCBuildConfiguration;
			buildSettings = {
				ALWAYS_SEARCH_USER_PATHS = NO;
				CLANG_ANALYZER_NONNULL = YES;
				CLANG_ANALYZER_NUMBER_OBJECT_CONVERSION = YES_AGGRESSIVE;
				CLANG_CXX_LANGUAGE_STANDARD = "gnu++20";
				CLANG_ENABLE_MODULES = YES;
				CLANG_ENABLE_OBJC_ARC = YES;
				CLANG_ENABLE_OBJC_WEAK = YES;
				CLANG_WARN_BLOCK_CAPTURE_AUTORELEASING = YES;
				CLANG_WARN_BOOL_CONVERSION = YES;
				CLANG_WARN_COMMA = YES;
				CLANG_WARN_CONSTANT_CONVERSION = YES;
				CLANG_WARN_DEPRECATED_OBJC_IMPLEMENTATIONS = YES;
				CLANG_WARN_DIRECT_OBJC_ISA_USAGE = YES_ERROR;
				CLANG_WARN_DOCUMENTATION_COMMENTS = YES;
				CLANG_WARN_EMPTY_BODY = YES;
				CLANG_WARN_ENUM_CONVERSION = YES;
				CLANG_WARN_INFINITE_RECURSION = YES;
				CLANG_WARN_INT_CONVERSION = YES;
				CLANG_WARN_NON_LITERAL_NULL_CONVERSION = YES;
				CLANG_WARN_OBJC_IMPLICIT_RETAIN_SELF = YES;
				CLANG_WARN_OBJC_LITERAL_CONVERSION = YES;
				CLANG_WARN_OBJC_ROOT_CLASS = YES_ERROR;
				CLANG_WARN_QUOTED_INCLUDE_IN_FRAMEWORK_HEADER = YES;
				CLANG_WARN_RANGE_LOOP_ANALYSIS = YES;
				CLANG_WARN_STRICT_PROTOTYPES = YES;
				CLANG_WARN_SUSPICIOUS_MOVE = YES;
				CLANG_WARN_UNGUARDED_AVAILABILITY = YES_AGGRESSIVE;
				CLANG_WARN_UNREACHABLE_CODE = YES;
				CLANG_WARN__DUPLICATE_METHOD_MATCH = YES;
				COPY_PHASE_STRIP = NO;
				DEBUG_INFORMATION_FORMAT = "dwarf-with-dsym";
				ENABLE_NS_ASSERTIONS = NO;
				ENABLE_STRICT_OBJC_MSGSEND = YES;
				GCC_C_LANGUAGE_STANDARD = gnu11;
				GCC_NO_COMMON_BLOCKS = YES;
				GCC_WARN_64_TO_32_BIT_CONVERSION = YES;
				GCC_WARN_ABOUT_RETURN_TYPE = YES_ERROR;
				GCC_WARN_UNDECLARED_SELECTOR = YES;
				GCC_WARN_UNINITIALIZED_AUTOS = YES_AGGRESSIVE;
				GCC_WARN_UNUSED_FUNCTION = YES;
				GCC_WARN_UNUSED_VARIABLE = YES;
				IPHONEOS_DEPLOYMENT_TARGET = 16.1;
				MTL_ENABLE_DEBUG_INFO = NO;
				MTL_FAST_MATH = YES;
				SDKROOT = iphoneos;
				SWIFT_COMPILATION_MODE = wholemodule;
				SWIFT_OPTIMIZATION_LEVEL = "-O";
				VALIDATE_PRODUCT = YES;
			};
			name = Release;
		};
		785A93DA292FCB1800DEEA9F /* Debug */ = {
			isa = XCBuildConfiguration;
			baseConfigurationReference = 45AA106CB8FA56EF8C61C1B4 /* Pods-Pokedex.debug.xcconfig */;
			buildSettings = {
				ASSETCATALOG_COMPILER_APPICON_NAME = AppIcon;
				ASSETCATALOG_COMPILER_GLOBAL_ACCENT_COLOR_NAME = AccentColor;
				CODE_SIGN_STYLE = Automatic;
				CURRENT_PROJECT_VERSION = 1;
				DEVELOPMENT_ASSET_PATHS = "\"Pokedex/Preview Content\"";
				DEVELOPMENT_TEAM = H8FN9KNGPF;
				ENABLE_PREVIEWS = YES;
				GENERATE_INFOPLIST_FILE = YES;
				INFOPLIST_FILE = Pokedex/Info.plist;
				INFOPLIST_KEY_UIApplicationSceneManifest_Generation = YES;
				INFOPLIST_KEY_UIApplicationSupportsIndirectInputEvents = YES;
				INFOPLIST_KEY_UILaunchScreen_Generation = YES;
				INFOPLIST_KEY_UISupportedInterfaceOrientations_iPad = "UIInterfaceOrientationPortrait UIInterfaceOrientationPortraitUpsideDown UIInterfaceOrientationLandscapeLeft UIInterfaceOrientationLandscapeRight";
				INFOPLIST_KEY_UISupportedInterfaceOrientations_iPhone = "UIInterfaceOrientationPortrait UIInterfaceOrientationLandscapeLeft UIInterfaceOrientationLandscapeRight";
				LD_RUNPATH_SEARCH_PATHS = (
					"$(inherited)",
					"@executable_path/Frameworks",
				);
				MARKETING_VERSION = 1.0;
				PRODUCT_BUNDLE_IDENTIFIER = at.ac.htlperg.4ahif.Pokedex;
				PRODUCT_NAME = "$(TARGET_NAME)";
				SWIFT_EMIT_LOC_STRINGS = YES;
				SWIFT_VERSION = 5.0;
				TARGETED_DEVICE_FAMILY = "1,2";
			};
			name = Debug;
		};
		785A93DB292FCB1800DEEA9F /* Release */ = {
			isa = XCBuildConfiguration;
			baseConfigurationReference = 45F7479DD1852B8A17FFF5B6 /* Pods-Pokedex.release.xcconfig */;
			buildSettings = {
				ASSETCATALOG_COMPILER_APPICON_NAME = AppIcon;
				ASSETCATALOG_COMPILER_GLOBAL_ACCENT_COLOR_NAME = AccentColor;
				CODE_SIGN_STYLE = Automatic;
				CURRENT_PROJECT_VERSION = 1;
				DEVELOPMENT_ASSET_PATHS = "\"Pokedex/Preview Content\"";
				DEVELOPMENT_TEAM = H8FN9KNGPF;
				ENABLE_PREVIEWS = YES;
				GENERATE_INFOPLIST_FILE = YES;
				INFOPLIST_FILE = Pokedex/Info.plist;
				INFOPLIST_KEY_UIApplicationSceneManifest_Generation = YES;
				INFOPLIST_KEY_UIApplicationSupportsIndirectInputEvents = YES;
				INFOPLIST_KEY_UILaunchScreen_Generation = YES;
				INFOPLIST_KEY_UISupportedInterfaceOrientations_iPad = "UIInterfaceOrientationPortrait UIInterfaceOrientationPortraitUpsideDown UIInterfaceOrientationLandscapeLeft UIInterfaceOrientationLandscapeRight";
				INFOPLIST_KEY_UISupportedInterfaceOrientations_iPhone = "UIInterfaceOrientationPortrait UIInterfaceOrientationLandscapeLeft UIInterfaceOrientationLandscapeRight";
				LD_RUNPATH_SEARCH_PATHS = (
					"$(inherited)",
					"@executable_path/Frameworks",
				);
				MARKETING_VERSION = 1.0;
				PRODUCT_BUNDLE_IDENTIFIER = at.ac.htlperg.4ahif.Pokedex;
				PRODUCT_NAME = "$(TARGET_NAME)";
				SWIFT_EMIT_LOC_STRINGS = YES;
				SWIFT_VERSION = 5.0;
				TARGETED_DEVICE_FAMILY = "1,2";
			};
			name = Release;
		};
		785A93DD292FCB1800DEEA9F /* Debug */ = {
			isa = XCBuildConfiguration;
			baseConfigurationReference = 7A0122412FE9AA7F2B4B2296 /* Pods-PokedexTests.debug.xcconfig */;
			buildSettings = {
				ALWAYS_EMBED_SWIFT_STANDARD_LIBRARIES = YES;
				BUNDLE_LOADER = "$(TEST_HOST)";
				CODE_SIGN_STYLE = Automatic;
				CURRENT_PROJECT_VERSION = 1;
				GENERATE_INFOPLIST_FILE = YES;
				IPHONEOS_DEPLOYMENT_TARGET = 16.1;
				MARKETING_VERSION = 1.0;
				PRODUCT_BUNDLE_IDENTIFIER = at.ac.htlperg.4ahif.PokedexTests;
				PRODUCT_NAME = "$(TARGET_NAME)";
				SWIFT_EMIT_LOC_STRINGS = NO;
				SWIFT_VERSION = 5.0;
				TARGETED_DEVICE_FAMILY = "1,2";
				TEST_HOST = "$(BUILT_PRODUCTS_DIR)/Pokedex.app/$(BUNDLE_EXECUTABLE_FOLDER_PATH)/Pokedex";
			};
			name = Debug;
		};
		785A93DE292FCB1800DEEA9F /* Release */ = {
			isa = XCBuildConfiguration;
			baseConfigurationReference = 40F1B9574FD0C120D63D5FDF /* Pods-PokedexTests.release.xcconfig */;
			buildSettings = {
				ALWAYS_EMBED_SWIFT_STANDARD_LIBRARIES = YES;
				BUNDLE_LOADER = "$(TEST_HOST)";
				CODE_SIGN_STYLE = Automatic;
				CURRENT_PROJECT_VERSION = 1;
				GENERATE_INFOPLIST_FILE = YES;
				IPHONEOS_DEPLOYMENT_TARGET = 16.1;
				MARKETING_VERSION = 1.0;
				PRODUCT_BUNDLE_IDENTIFIER = at.ac.htlperg.4ahif.PokedexTests;
				PRODUCT_NAME = "$(TARGET_NAME)";
				SWIFT_EMIT_LOC_STRINGS = NO;
				SWIFT_VERSION = 5.0;
				TARGETED_DEVICE_FAMILY = "1,2";
				TEST_HOST = "$(BUILT_PRODUCTS_DIR)/Pokedex.app/$(BUNDLE_EXECUTABLE_FOLDER_PATH)/Pokedex";
			};
			name = Release;
		};
		785A93E0292FCB1800DEEA9F /* Debug */ = {
			isa = XCBuildConfiguration;
			baseConfigurationReference = 6199AC4A8FE632ABEE5DFA14 /* Pods-Pokedex-PokedexUITests.debug.xcconfig */;
			buildSettings = {
				ALWAYS_EMBED_SWIFT_STANDARD_LIBRARIES = YES;
				CODE_SIGN_STYLE = Automatic;
				CURRENT_PROJECT_VERSION = 1;
				GENERATE_INFOPLIST_FILE = YES;
				MARKETING_VERSION = 1.0;
				PRODUCT_BUNDLE_IDENTIFIER = at.ac.htlperg.4ahif.PokedexUITests;
				PRODUCT_NAME = "$(TARGET_NAME)";
				SWIFT_EMIT_LOC_STRINGS = NO;
				SWIFT_VERSION = 5.0;
				TARGETED_DEVICE_FAMILY = "1,2";
				TEST_TARGET_NAME = Pokedex;
			};
			name = Debug;
		};
		785A93E1292FCB1800DEEA9F /* Release */ = {
			isa = XCBuildConfiguration;
			baseConfigurationReference = 9C8784CE69E6B497A41F9E13 /* Pods-Pokedex-PokedexUITests.release.xcconfig */;
			buildSettings = {
				ALWAYS_EMBED_SWIFT_STANDARD_LIBRARIES = YES;
				CODE_SIGN_STYLE = Automatic;
				CURRENT_PROJECT_VERSION = 1;
				GENERATE_INFOPLIST_FILE = YES;
				MARKETING_VERSION = 1.0;
				PRODUCT_BUNDLE_IDENTIFIER = at.ac.htlperg.4ahif.PokedexUITests;
				PRODUCT_NAME = "$(TARGET_NAME)";
				SWIFT_EMIT_LOC_STRINGS = NO;
				SWIFT_VERSION = 5.0;
				TARGETED_DEVICE_FAMILY = "1,2";
				TEST_TARGET_NAME = Pokedex;
			};
			name = Release;
		};
/* End XCBuildConfiguration section */

/* Begin XCConfigurationList section */
		785A93B0292FCB1600DEEA9F /* Build configuration list for PBXProject "Pokedex" */ = {
			isa = XCConfigurationList;
			buildConfigurations = (
				785A93D7292FCB1800DEEA9F /* Debug */,
				785A93D8292FCB1800DEEA9F /* Release */,
			);
			defaultConfigurationIsVisible = 0;
			defaultConfigurationName = Release;
		};
		785A93D9292FCB1800DEEA9F /* Build configuration list for PBXNativeTarget "Pokedex" */ = {
			isa = XCConfigurationList;
			buildConfigurations = (
				785A93DA292FCB1800DEEA9F /* Debug */,
				785A93DB292FCB1800DEEA9F /* Release */,
			);
			defaultConfigurationIsVisible = 0;
			defaultConfigurationName = Release;
		};
		785A93DC292FCB1800DEEA9F /* Build configuration list for PBXNativeTarget "PokedexTests" */ = {
			isa = XCConfigurationList;
			buildConfigurations = (
				785A93DD292FCB1800DEEA9F /* Debug */,
				785A93DE292FCB1800DEEA9F /* Release */,
			);
			defaultConfigurationIsVisible = 0;
			defaultConfigurationName = Release;
		};
		785A93DF292FCB1800DEEA9F /* Build configuration list for PBXNativeTarget "PokedexUITests" */ = {
			isa = XCConfigurationList;
			buildConfigurations = (
				785A93E0292FCB1800DEEA9F /* Debug */,
				785A93E1292FCB1800DEEA9F /* Release */,
			);
			defaultConfigurationIsVisible = 0;
			defaultConfigurationName = Release;
		};
/* End XCConfigurationList section */
	};
	rootObject = 785A93AD292FCB1600DEEA9F /* Project object */;
}
